
Microsoft Visual Studio Solution File, Format Version 12.00
# Visual Studio Version 17
VisualStudioVersion = 17.2.32526.322
MinimumVisualStudioVersion = 10.0.40219.1
Project("{FAE04EC0-301F-11D3-BF4B-00C04F79EFBC}") = "CreatePipes", "part2\CreatePipes.csproj", "{067060D3-D2D3-4575-B726-97D70BBDEC82}"
EndProject
Global
	GlobalSection(SolutionConfigurationPlatforms) = preSolution
		Debug|Any CPU = Debug|Any CPU
		Debug|x64 = Debug|x64
		Release|Any CPU = Release|Any CPU
		Release|x64 = Release|x64
	EndGlobalSection
	GlobalSection(ProjectConfigurationPlatforms) = postSolution
		{067060D3-D2D3-4575-B726-97D70BBDEC82}.Debug|Any CPU.ActiveCfg = Debug|Any CPU
		{067060D3-D2D3-4575-B726-97D70BBDEC82}.Debug|Any CPU.Build.0 = Debug|Any CPU
		{067060D3-D2D3-4575-B726-97D70BBDEC82}.Debug|x64.ActiveCfg = Debug|x64
		{067060D3-D2D3-4575-B726-97D70BBDEC82}.Debug|x64.Build.0 = Debug|x64
		{067060D3-D2D3-4575-B726-97D70BBDEC82}.Release|Any CPU.ActiveCfg = Release|Any CPU
		{067060D3-D2D3-4575-B726-97D70BBDEC82}.Release|Any CPU.Build.0 = Release|Any CPU
		{067060D3-D2D3-4575-B726-97D70BBDEC82}.Release|x64.ActiveCfg = Release|x64
		{067060D3-D2D3-4575-B726-97D70BBDEC82}.Release|x64.Build.0 = Release|x64
	EndGlobalSection
	GlobalSection(SolutionProperties) = preSolution
		HideSolutionNode = FALSE
	EndGlobalSection
	GlobalSection(ExtensibilityGlobals) = postSolution
		SolutionGuid = {8DD28DE2-F999-475D-8D04-DAE261789D33}
	EndGlobalSection
EndGlobal
